// !$*UTF8*$!
{
	archiveVersion = 1;
	classes = {
	};
	objectVersion = 51;
	objects = {

/* Begin PBXBuildFile section */
		350FDF5F2657D34300F63784 /* Exercises.swift in Sources */ = {isa = PBXBuildFile; fileRef = 350FDF5E2657D34300F63784 /* Exercises.swift */; };
		350FDF622657D44500F63784 /* EducationalMaterial.swift in Sources */ = {isa = PBXBuildFile; fileRef = 350FDF612657D44500F63784 /* EducationalMaterial.swift */; };
		350FDF662657E65C00F63784 /* MainHeaderView.swift in Sources */ = {isa = PBXBuildFile; fileRef = 350FDF652657E65C00F63784 /* MainHeaderView.swift */; };
		350FDFB42658691000F63784 /* Inter-LightItalicBETA.ttf in Resources */ = {isa = PBXBuildFile; fileRef = 350FDFA22658690E00F63784 /* Inter-LightItalicBETA.ttf */; };
		350FDFB52658691000F63784 /* Inter-ThinBETA.ttf in Resources */ = {isa = PBXBuildFile; fileRef = 350FDFA32658690F00F63784 /* Inter-ThinBETA.ttf */; };
		350FDFB62658691000F63784 /* Inter-ExtraBoldItalic.ttf in Resources */ = {isa = PBXBuildFile; fileRef = 350FDFA42658690F00F63784 /* Inter-ExtraBoldItalic.ttf */; };
		350FDFB72658691000F63784 /* Inter-ThinItalicBETA.ttf in Resources */ = {isa = PBXBuildFile; fileRef = 350FDFA52658690F00F63784 /* Inter-ThinItalicBETA.ttf */; };
		350FDFB82658691000F63784 /* Inter-Italic.ttf in Resources */ = {isa = PBXBuildFile; fileRef = 350FDFA62658690F00F63784 /* Inter-Italic.ttf */; };
		350FDFB92658691000F63784 /* Inter-ExtraBold.ttf in Resources */ = {isa = PBXBuildFile; fileRef = 350FDFA72658690F00F63784 /* Inter-ExtraBold.ttf */; };
		350FDFBA2658691000F63784 /* Inter-ExtraLightBETA.ttf in Resources */ = {isa = PBXBuildFile; fileRef = 350FDFA82658690F00F63784 /* Inter-ExtraLightBETA.ttf */; };
		350FDFBB2658691000F63784 /* Inter-Regular.ttf in Resources */ = {isa = PBXBuildFile; fileRef = 350FDFA92658690F00F63784 /* Inter-Regular.ttf */; };
		350FDFBC2658691000F63784 /* Inter-SemiBoldItalic.ttf in Resources */ = {isa = PBXBuildFile; fileRef = 350FDFAA2658690F00F63784 /* Inter-SemiBoldItalic.ttf */; };
		350FDFBD2658691000F63784 /* Inter-MediumItalic.ttf in Resources */ = {isa = PBXBuildFile; fileRef = 350FDFAB2658690F00F63784 /* Inter-MediumItalic.ttf */; };
		350FDFBE2658691000F63784 /* Inter-BlackItalic.ttf in Resources */ = {isa = PBXBuildFile; fileRef = 350FDFAC2658690F00F63784 /* Inter-BlackItalic.ttf */; };
		350FDFBF2658691000F63784 /* Inter-LightBETA.ttf in Resources */ = {isa = PBXBuildFile; fileRef = 350FDFAD2658690F00F63784 /* Inter-LightBETA.ttf */; };
		350FDFC02658691000F63784 /* Inter-Medium.ttf in Resources */ = {isa = PBXBuildFile; fileRef = 350FDFAE2658691000F63784 /* Inter-Medium.ttf */; };
		350FDFC12658691000F63784 /* Inter-SemiBold.ttf in Resources */ = {isa = PBXBuildFile; fileRef = 350FDFAF2658691000F63784 /* Inter-SemiBold.ttf */; };
		350FDFC22658691000F63784 /* Inter-ExtraLightItalicBETA.ttf in Resources */ = {isa = PBXBuildFile; fileRef = 350FDFB02658691000F63784 /* Inter-ExtraLightItalicBETA.ttf */; };
		350FDFC32658691000F63784 /* Inter-Bold.ttf in Resources */ = {isa = PBXBuildFile; fileRef = 350FDFB12658691000F63784 /* Inter-Bold.ttf */; };
		350FDFC42658691000F63784 /* Inter-Black.ttf in Resources */ = {isa = PBXBuildFile; fileRef = 350FDFB22658691000F63784 /* Inter-Black.ttf */; };
		350FDFC52658691000F63784 /* Inter-BoldItalic.ttf in Resources */ = {isa = PBXBuildFile; fileRef = 350FDFB32658691000F63784 /* Inter-BoldItalic.ttf */; };
		350FDFDA265880EE00F63784 /* SettingViewController.swift in Sources */ = {isa = PBXBuildFile; fileRef = 350FDFD9265880EE00F63784 /* SettingViewController.swift */; };
		350FDFE82659758E00F63784 /* AnotherExtension.swift in Sources */ = {isa = PBXBuildFile; fileRef = 350FDFE72659758D00F63784 /* AnotherExtension.swift */; };
		350FDFEC2659824300F63784 /* SettingTableViewCell.swift in Sources */ = {isa = PBXBuildFile; fileRef = 350FDFEB2659824300F63784 /* SettingTableViewCell.swift */; };
		350FDFEF2659829E00F63784 /* SettingViewModel.swift in Sources */ = {isa = PBXBuildFile; fileRef = 350FDFEE2659829E00F63784 /* SettingViewModel.swift */; };
		3538901C26567F14000A9CB1 /* Account.swift in Sources */ = {isa = PBXBuildFile; fileRef = 3538901B26567F14000A9CB1 /* Account.swift */; };
		3538901F26567F8C000A9CB1 /* Vocabulary.swift in Sources */ = {isa = PBXBuildFile; fileRef = 3538901E26567F8C000A9CB1 /* Vocabulary.swift */; };
		353890222656DA38000A9CB1 /* MainTableViewCell.swift in Sources */ = {isa = PBXBuildFile; fileRef = 353890212656DA38000A9CB1 /* MainTableViewCell.swift */; };
		353890252657A6B3000A9CB1 /* MainCollectionViewCell.swift in Sources */ = {isa = PBXBuildFile; fileRef = 353890242657A6B3000A9CB1 /* MainCollectionViewCell.swift */; };
		3538E7C3264E35B400D8CB58 /* UIColorExtension.swift in Sources */ = {isa = PBXBuildFile; fileRef = 3538E7C2264E35B400D8CB58 /* UIColorExtension.swift */; };
		3540644A2659E45E00806581 /* LessonViewController.swift in Sources */ = {isa = PBXBuildFile; fileRef = 354064492659E45E00806581 /* LessonViewController.swift */; };
		35406453265A0BAD00806581 /* LessonHeaderView.swift in Sources */ = {isa = PBXBuildFile; fileRef = 35406452265A0BAD00806581 /* LessonHeaderView.swift */; };
		35406456265A711400806581 /* LessonViewModel.swift in Sources */ = {isa = PBXBuildFile; fileRef = 35406455265A711400806581 /* LessonViewModel.swift */; };
		35B0AED2261DCFBB00CBBBE0 /* AppDelegate.swift in Sources */ = {isa = PBXBuildFile; fileRef = 35B0AED1261DCFBB00CBBBE0 /* AppDelegate.swift */; };
		35B0AED4261DCFBB00CBBBE0 /* SceneDelegate.swift in Sources */ = {isa = PBXBuildFile; fileRef = 35B0AED3261DCFBB00CBBBE0 /* SceneDelegate.swift */; };
		35B0AED6261DCFBB00CBBBE0 /* MainViewController.swift in Sources */ = {isa = PBXBuildFile; fileRef = 35B0AED5261DCFBB00CBBBE0 /* MainViewController.swift */; };
		35B0AEDC261DCFBB00CBBBE0 /* Technopark_Project.xcdatamodeld in Sources */ = {isa = PBXBuildFile; fileRef = 35B0AEDA261DCFBB00CBBBE0 /* Technopark_Project.xcdatamodeld */; };
		35B0AEDE261DCFBE00CBBBE0 /* Assets.xcassets in Resources */ = {isa = PBXBuildFile; fileRef = 35B0AEDD261DCFBE00CBBBE0 /* Assets.xcassets */; };
		35B0AEE1261DCFBE00CBBBE0 /* LaunchScreen.storyboard in Resources */ = {isa = PBXBuildFile; fileRef = 35B0AEDF261DCFBE00CBBBE0 /* LaunchScreen.storyboard */; };
		35CE68AA265A77B4007C37EB /* LessonCollectionViewCell.swift in Sources */ = {isa = PBXBuildFile; fileRef = 35CE68A9265A77B4007C37EB /* LessonCollectionViewCell.swift */; };
		35CE68AE265A781E007C37EB /* Word.swift in Sources */ = {isa = PBXBuildFile; fileRef = 35CE68AD265A781E007C37EB /* Word.swift */; };
		80F8B8CADC11032D7D5475D2 /* Pods_Technopark_Project.framework in Frameworks */ = {isa = PBXBuildFile; fileRef = B310626BCFE5D5BB07D27789 /* Pods_Technopark_Project.framework */; };
/* End PBXBuildFile section */

/* Begin PBXFileReference section */
		350FDF5E2657D34300F63784 /* Exercises.swift */ = {isa = PBXFileReference; lastKnownFileType = sourcecode.swift; path = Exercises.swift; sourceTree = "<group>"; };
		350FDF612657D44500F63784 /* EducationalMaterial.swift */ = {isa = PBXFileReference; lastKnownFileType = sourcecode.swift; path = EducationalMaterial.swift; sourceTree = "<group>"; };
		350FDF652657E65C00F63784 /* MainHeaderView.swift */ = {isa = PBXFileReference; lastKnownFileType = sourcecode.swift; path = MainHeaderView.swift; sourceTree = "<group>"; };
		350FDFA22658690E00F63784 /* Inter-LightItalicBETA.ttf */ = {isa = PBXFileReference; lastKnownFileType = file; path = "Inter-LightItalicBETA.ttf"; sourceTree = "<group>"; };
		350FDFA32658690F00F63784 /* Inter-ThinBETA.ttf */ = {isa = PBXFileReference; lastKnownFileType = file; path = "Inter-ThinBETA.ttf"; sourceTree = "<group>"; };
		350FDFA42658690F00F63784 /* Inter-ExtraBoldItalic.ttf */ = {isa = PBXFileReference; lastKnownFileType = file; path = "Inter-ExtraBoldItalic.ttf"; sourceTree = "<group>"; };
		350FDFA52658690F00F63784 /* Inter-ThinItalicBETA.ttf */ = {isa = PBXFileReference; lastKnownFileType = file; path = "Inter-ThinItalicBETA.ttf"; sourceTree = "<group>"; };
		350FDFA62658690F00F63784 /* Inter-Italic.ttf */ = {isa = PBXFileReference; lastKnownFileType = file; path = "Inter-Italic.ttf"; sourceTree = "<group>"; };
		350FDFA72658690F00F63784 /* Inter-ExtraBold.ttf */ = {isa = PBXFileReference; lastKnownFileType = file; path = "Inter-ExtraBold.ttf"; sourceTree = "<group>"; };
		350FDFA82658690F00F63784 /* Inter-ExtraLightBETA.ttf */ = {isa = PBXFileReference; lastKnownFileType = file; path = "Inter-ExtraLightBETA.ttf"; sourceTree = "<group>"; };
		350FDFA92658690F00F63784 /* Inter-Regular.ttf */ = {isa = PBXFileReference; lastKnownFileType = file; path = "Inter-Regular.ttf"; sourceTree = "<group>"; };
		350FDFAA2658690F00F63784 /* Inter-SemiBoldItalic.ttf */ = {isa = PBXFileReference; lastKnownFileType = file; path = "Inter-SemiBoldItalic.ttf"; sourceTree = "<group>"; };
		350FDFAB2658690F00F63784 /* Inter-MediumItalic.ttf */ = {isa = PBXFileReference; lastKnownFileType = file; path = "Inter-MediumItalic.ttf"; sourceTree = "<group>"; };
		350FDFAC2658690F00F63784 /* Inter-BlackItalic.ttf */ = {isa = PBXFileReference; lastKnownFileType = file; path = "Inter-BlackItalic.ttf"; sourceTree = "<group>"; };
		350FDFAD2658690F00F63784 /* Inter-LightBETA.ttf */ = {isa = PBXFileReference; lastKnownFileType = file; path = "Inter-LightBETA.ttf"; sourceTree = "<group>"; };
		350FDFAE2658691000F63784 /* Inter-Medium.ttf */ = {isa = PBXFileReference; lastKnownFileType = file; path = "Inter-Medium.ttf"; sourceTree = "<group>"; };
		350FDFAF2658691000F63784 /* Inter-SemiBold.ttf */ = {isa = PBXFileReference; lastKnownFileType = file; path = "Inter-SemiBold.ttf"; sourceTree = "<group>"; };
		350FDFB02658691000F63784 /* Inter-ExtraLightItalicBETA.ttf */ = {isa = PBXFileReference; lastKnownFileType = file; path = "Inter-ExtraLightItalicBETA.ttf"; sourceTree = "<group>"; };
		350FDFB12658691000F63784 /* Inter-Bold.ttf */ = {isa = PBXFileReference; lastKnownFileType = file; path = "Inter-Bold.ttf"; sourceTree = "<group>"; };
		350FDFB22658691000F63784 /* Inter-Black.ttf */ = {isa = PBXFileReference; lastKnownFileType = file; path = "Inter-Black.ttf"; sourceTree = "<group>"; };
		350FDFB32658691000F63784 /* Inter-BoldItalic.ttf */ = {isa = PBXFileReference; lastKnownFileType = file; path = "Inter-BoldItalic.ttf"; sourceTree = "<group>"; };
		350FDFD9265880EE00F63784 /* SettingViewController.swift */ = {isa = PBXFileReference; lastKnownFileType = sourcecode.swift; path = SettingViewController.swift; sourceTree = "<group>"; };
		350FDFE72659758D00F63784 /* AnotherExtension.swift */ = {isa = PBXFileReference; lastKnownFileType = sourcecode.swift; path = AnotherExtension.swift; sourceTree = "<group>"; };
		350FDFEB2659824300F63784 /* SettingTableViewCell.swift */ = {isa = PBXFileReference; lastKnownFileType = sourcecode.swift; path = SettingTableViewCell.swift; sourceTree = "<group>"; };
		350FDFEE2659829E00F63784 /* SettingViewModel.swift */ = {isa = PBXFileReference; lastKnownFileType = sourcecode.swift; path = SettingViewModel.swift; sourceTree = "<group>"; };
		3538901B26567F14000A9CB1 /* Account.swift */ = {isa = PBXFileReference; lastKnownFileType = sourcecode.swift; path = Account.swift; sourceTree = "<group>"; };
		3538901E26567F8C000A9CB1 /* Vocabulary.swift */ = {isa = PBXFileReference; lastKnownFileType = sourcecode.swift; path = Vocabulary.swift; sourceTree = "<group>"; };
		353890212656DA38000A9CB1 /* MainTableViewCell.swift */ = {isa = PBXFileReference; lastKnownFileType = sourcecode.swift; path = MainTableViewCell.swift; sourceTree = "<group>"; };
		353890242657A6B3000A9CB1 /* MainCollectionViewCell.swift */ = {isa = PBXFileReference; lastKnownFileType = sourcecode.swift; path = MainCollectionViewCell.swift; sourceTree = "<group>"; };
		3538E7C2264E35B400D8CB58 /* UIColorExtension.swift */ = {isa = PBXFileReference; lastKnownFileType = sourcecode.swift; path = UIColorExtension.swift; sourceTree = "<group>"; };
		354064492659E45E00806581 /* LessonViewController.swift */ = {isa = PBXFileReference; lastKnownFileType = sourcecode.swift; path = LessonViewController.swift; sourceTree = "<group>"; };
		35406452265A0BAD00806581 /* LessonHeaderView.swift */ = {isa = PBXFileReference; lastKnownFileType = sourcecode.swift; path = LessonHeaderView.swift; sourceTree = "<group>"; };
		35406455265A711400806581 /* LessonViewModel.swift */ = {isa = PBXFileReference; lastKnownFileType = sourcecode.swift; path = LessonViewModel.swift; sourceTree = "<group>"; };
		35B0AECE261DCFBB00CBBBE0 /* Technopark Project.app */ = {isa = PBXFileReference; explicitFileType = wrapper.application; includeInIndex = 0; path = "Technopark Project.app"; sourceTree = BUILT_PRODUCTS_DIR; };
		35B0AED1261DCFBB00CBBBE0 /* AppDelegate.swift */ = {isa = PBXFileReference; lastKnownFileType = sourcecode.swift; path = AppDelegate.swift; sourceTree = "<group>"; };
		35B0AED3261DCFBB00CBBBE0 /* SceneDelegate.swift */ = {isa = PBXFileReference; lastKnownFileType = sourcecode.swift; path = SceneDelegate.swift; sourceTree = "<group>"; };
		35B0AED5261DCFBB00CBBBE0 /* MainViewController.swift */ = {isa = PBXFileReference; lastKnownFileType = sourcecode.swift; path = MainViewController.swift; sourceTree = "<group>"; };
		35B0AEDB261DCFBB00CBBBE0 /* Technopark_Project.xcdatamodel */ = {isa = PBXFileReference; lastKnownFileType = wrapper.xcdatamodel; path = Technopark_Project.xcdatamodel; sourceTree = "<group>"; };
		35B0AEDD261DCFBE00CBBBE0 /* Assets.xcassets */ = {isa = PBXFileReference; lastKnownFileType = folder.assetcatalog; path = Assets.xcassets; sourceTree = "<group>"; };
		35B0AEE0261DCFBE00CBBBE0 /* Base */ = {isa = PBXFileReference; lastKnownFileType = file.storyboard; name = Base; path = Base.lproj/LaunchScreen.storyboard; sourceTree = "<group>"; };
		35B0AEE2261DCFBE00CBBBE0 /* Info.plist */ = {isa = PBXFileReference; lastKnownFileType = text.plist.xml; path = Info.plist; sourceTree = "<group>"; };
		35CE68A9265A77B4007C37EB /* LessonCollectionViewCell.swift */ = {isa = PBXFileReference; lastKnownFileType = sourcecode.swift; path = LessonCollectionViewCell.swift; sourceTree = "<group>"; };
		35CE68AD265A781E007C37EB /* Word.swift */ = {isa = PBXFileReference; lastKnownFileType = sourcecode.swift; path = Word.swift; sourceTree = "<group>"; };
		3877BF5374ABDBD396E569BA /* Pods-Technopark Project.debug.xcconfig */ = {isa = PBXFileReference; includeInIndex = 1; lastKnownFileType = text.xcconfig; name = "Pods-Technopark Project.debug.xcconfig"; path = "Target Support Files/Pods-Technopark Project/Pods-Technopark Project.debug.xcconfig"; sourceTree = "<group>"; };
		6CDCBFD39F09A6C952994170 /* Pods-Technopark Project.release.xcconfig */ = {isa = PBXFileReference; includeInIndex = 1; lastKnownFileType = text.xcconfig; name = "Pods-Technopark Project.release.xcconfig"; path = "Target Support Files/Pods-Technopark Project/Pods-Technopark Project.release.xcconfig"; sourceTree = "<group>"; };
		B310626BCFE5D5BB07D27789 /* Pods_Technopark_Project.framework */ = {isa = PBXFileReference; explicitFileType = wrapper.framework; includeInIndex = 0; path = Pods_Technopark_Project.framework; sourceTree = BUILT_PRODUCTS_DIR; };
/* End PBXFileReference section */

/* Begin PBXFrameworksBuildPhase section */
		35B0AECB261DCFBB00CBBBE0 /* Frameworks */ = {
			isa = PBXFrameworksBuildPhase;
			buildActionMask = 2147483647;
			files = (
				80F8B8CADC11032D7D5475D2 /* Pods_Technopark_Project.framework in Frameworks */,
			);
			runOnlyForDeploymentPostprocessing = 0;
		};
/* End PBXFrameworksBuildPhase section */

/* Begin PBXGroup section */
		350FDF69265863C700F63784 /* Fonts */ = {
			isa = PBXGroup;
			children = (
				350FDFB22658691000F63784 /* Inter-Black.ttf */,
				350FDFAC2658690F00F63784 /* Inter-BlackItalic.ttf */,
				350FDFB12658691000F63784 /* Inter-Bold.ttf */,
				350FDFB32658691000F63784 /* Inter-BoldItalic.ttf */,
				350FDFA72658690F00F63784 /* Inter-ExtraBold.ttf */,
				350FDFA42658690F00F63784 /* Inter-ExtraBoldItalic.ttf */,
				350FDFA82658690F00F63784 /* Inter-ExtraLightBETA.ttf */,
				350FDFB02658691000F63784 /* Inter-ExtraLightItalicBETA.ttf */,
				350FDFA62658690F00F63784 /* Inter-Italic.ttf */,
				350FDFAD2658690F00F63784 /* Inter-LightBETA.ttf */,
				350FDFA22658690E00F63784 /* Inter-LightItalicBETA.ttf */,
				350FDFAE2658691000F63784 /* Inter-Medium.ttf */,
				350FDFAB2658690F00F63784 /* Inter-MediumItalic.ttf */,
				350FDFA92658690F00F63784 /* Inter-Regular.ttf */,
				350FDFAF2658691000F63784 /* Inter-SemiBold.ttf */,
				350FDFAA2658690F00F63784 /* Inter-SemiBoldItalic.ttf */,
				350FDFA32658690F00F63784 /* Inter-ThinBETA.ttf */,
				350FDFA52658690F00F63784 /* Inter-ThinItalicBETA.ttf */,
			);
			path = Fonts;
			sourceTree = "<group>";
		};
		350FDFDD2658815E00F63784 /* Other Files */ = {
			isa = PBXGroup;
			children = (
				350FDF69265863C700F63784 /* Fonts */,
				35B0AEDD261DCFBE00CBBBE0 /* Assets.xcassets */,
				35B0AEDF261DCFBE00CBBBE0 /* LaunchScreen.storyboard */,
				35B0AEDA261DCFBB00CBBBE0 /* Technopark_Project.xcdatamodeld */,
			);
			path = "Other Files";
			sourceTree = "<group>";
		};
		350FDFE22659056600F63784 /* SystemFiles */ = {
			isa = PBXGroup;
			children = (
				35B0AED1261DCFBB00CBBBE0 /* AppDelegate.swift */,
				35B0AED3261DCFBB00CBBBE0 /* SceneDelegate.swift */,
			);
			path = SystemFiles;
			sourceTree = "<group>";
		};
		350FDFF1265982B100F63784 /* SettingScreen */ = {
			isa = PBXGroup;
			children = (
				350FDFD9265880EE00F63784 /* SettingViewController.swift */,
				350FDFEE2659829E00F63784 /* SettingViewModel.swift */,
				350FDFEB2659824300F63784 /* SettingTableViewCell.swift */,
			);
			path = SettingScreen;
			sourceTree = "<group>";
		};
		353890282657C55F000A9CB1 /* MainScreen */ = {
			isa = PBXGroup;
			children = (
				35B0AED5261DCFBB00CBBBE0 /* MainViewController.swift */,
				353890212656DA38000A9CB1 /* MainTableViewCell.swift */,
				353890242657A6B3000A9CB1 /* MainCollectionViewCell.swift */,
				350FDF612657D44500F63784 /* EducationalMaterial.swift */,
				350FDF652657E65C00F63784 /* MainHeaderView.swift */,
			);
			path = MainScreen;
			sourceTree = "<group>";
		};
		354064402659E0C500806581 /* Another Files */ = {
			isa = PBXGroup;
			children = (
				350FDFE72659758D00F63784 /* AnotherExtension.swift */,
				3538E7C2264E35B400D8CB58 /* UIColorExtension.swift */,
			);
			path = "Another Files";
			sourceTree = "<group>";
		};
		354064472659E19C00806581 /* LessonScreen */ = {
			isa = PBXGroup;
			children = (
				354064492659E45E00806581 /* LessonViewController.swift */,
				35406452265A0BAD00806581 /* LessonHeaderView.swift */,
				35CE68A9265A77B4007C37EB /* LessonCollectionViewCell.swift */,
				35406455265A711400806581 /* LessonViewModel.swift */,
			);
			path = LessonScreen;
			sourceTree = "<group>";
		};
		35B0AEC5261DCFBB00CBBBE0 = {
			isa = PBXGroup;
			children = (
				35B0AED0261DCFBB00CBBBE0 /* Technopark Project */,
				35B0AECF261DCFBB00CBBBE0 /* Products */,
				9A6720A836985B4DD6ECD5F6 /* Pods */,
				7632E16C8FECC4EFB1171716 /* Frameworks */,
			);
			sourceTree = "<group>";
		};
		35B0AECF261DCFBB00CBBBE0 /* Products */ = {
			isa = PBXGroup;
			children = (
				35B0AECE261DCFBB00CBBBE0 /* Technopark Project.app */,
			);
			name = Products;
			sourceTree = "<group>";
		};
		35B0AED0261DCFBB00CBBBE0 /* Technopark Project */ = {
			isa = PBXGroup;
			children = (
				354064472659E19C00806581 /* LessonScreen */,
				354064402659E0C500806581 /* Another Files */,
				350FDFF1265982B100F63784 /* SettingScreen */,
				350FDFE22659056600F63784 /* SystemFiles */,
				350FDFDD2658815E00F63784 /* Other Files */,
				353890282657C55F000A9CB1 /* MainScreen */,
				3538901B26567F14000A9CB1 /* Account.swift */,
				350FDF5E2657D34300F63784 /* Exercises.swift */,
				3538901E26567F8C000A9CB1 /* Vocabulary.swift */,
				35B0AEE2261DCFBE00CBBBE0 /* Info.plist */,
				35CE68AD265A781E007C37EB /* Word.swift */,
			);
			path = "Technopark Project";
			sourceTree = "<group>";
		};
		7632E16C8FECC4EFB1171716 /* Frameworks */ = {
			isa = PBXGroup;
			children = (
				B310626BCFE5D5BB07D27789 /* Pods_Technopark_Project.framework */,
			);
			name = Frameworks;
			sourceTree = "<group>";
		};
		9A6720A836985B4DD6ECD5F6 /* Pods */ = {
			isa = PBXGroup;
			children = (
				3877BF5374ABDBD396E569BA /* Pods-Technopark Project.debug.xcconfig */,
				6CDCBFD39F09A6C952994170 /* Pods-Technopark Project.release.xcconfig */,
			);
			path = Pods;
			sourceTree = "<group>";
		};
/* End PBXGroup section */

/* Begin PBXNativeTarget section */
		35B0AECD261DCFBB00CBBBE0 /* Technopark Project */ = {
			isa = PBXNativeTarget;
			buildConfigurationList = 35B0AEE5261DCFBE00CBBBE0 /* Build configuration list for PBXNativeTarget "Technopark Project" */;
			buildPhases = (
				72BCF99436B40535D4301200 /* [CP] Check Pods Manifest.lock */,
				35B0AECA261DCFBB00CBBBE0 /* Sources */,
				35B0AECB261DCFBB00CBBBE0 /* Frameworks */,
				35B0AECC261DCFBB00CBBBE0 /* Resources */,
				A83B8EB6FDCDF3E59F006A1D /* [CP] Embed Pods Frameworks */,
			);
			buildRules = (
			);
			dependencies = (
			);
			name = "Technopark Project";
			productName = "Technopark Project";
			productReference = 35B0AECE261DCFBB00CBBBE0 /* Technopark Project.app */;
			productType = "com.apple.product-type.application";
		};
/* End PBXNativeTarget section */

/* Begin PBXProject section */
		35B0AEC6261DCFBB00CBBBE0 /* Project object */ = {
			isa = PBXProject;
			attributes = {
				LastSwiftUpdateCheck = 1240;
				LastUpgradeCheck = 1240;
				TargetAttributes = {
					35B0AECD261DCFBB00CBBBE0 = {
						CreatedOnToolsVersion = 12.4;
					};
				};
			};
			buildConfigurationList = 35B0AEC9261DCFBB00CBBBE0 /* Build configuration list for PBXProject "Technopark Project" */;
			compatibilityVersion = "Xcode 9.3";
			developmentRegion = en;
			hasScannedForEncodings = 0;
			knownRegions = (
				en,
				Base,
			);
			mainGroup = 35B0AEC5261DCFBB00CBBBE0;
			productRefGroup = 35B0AECF261DCFBB00CBBBE0 /* Products */;
			projectDirPath = "";
			projectRoot = "";
			targets = (
				35B0AECD261DCFBB00CBBBE0 /* Technopark Project */,
			);
		};
/* End PBXProject section */

/* Begin PBXResourcesBuildPhase section */
		35B0AECC261DCFBB00CBBBE0 /* Resources */ = {
			isa = PBXResourcesBuildPhase;
			buildActionMask = 2147483647;
			files = (
				350FDFBA2658691000F63784 /* Inter-ExtraLightBETA.ttf in Resources */,
				350FDFB52658691000F63784 /* Inter-ThinBETA.ttf in Resources */,
				35B0AEE1261DCFBE00CBBBE0 /* LaunchScreen.storyboard in Resources */,
				350FDFBC2658691000F63784 /* Inter-SemiBoldItalic.ttf in Resources */,
				350FDFB82658691000F63784 /* Inter-Italic.ttf in Resources */,
				350FDFB92658691000F63784 /* Inter-ExtraBold.ttf in Resources */,
				350FDFB42658691000F63784 /* Inter-LightItalicBETA.ttf in Resources */,
				350FDFBB2658691000F63784 /* Inter-Regular.ttf in Resources */,
				350FDFC42658691000F63784 /* Inter-Black.ttf in Resources */,
				350FDFC02658691000F63784 /* Inter-Medium.ttf in Resources */,
				350FDFBF2658691000F63784 /* Inter-LightBETA.ttf in Resources */,
				350FDFBE2658691000F63784 /* Inter-BlackItalic.ttf in Resources */,
				350FDFC22658691000F63784 /* Inter-ExtraLightItalicBETA.ttf in Resources */,
				350FDFC32658691000F63784 /* Inter-Bold.ttf in Resources */,
				350FDFC52658691000F63784 /* Inter-BoldItalic.ttf in Resources */,
				350FDFBD2658691000F63784 /* Inter-MediumItalic.ttf in Resources */,
				350FDFC12658691000F63784 /* Inter-SemiBold.ttf in Resources */,
				350FDFB62658691000F63784 /* Inter-ExtraBoldItalic.ttf in Resources */,
				350FDFB72658691000F63784 /* Inter-ThinItalicBETA.ttf in Resources */,
				35B0AEDE261DCFBE00CBBBE0 /* Assets.xcassets in Resources */,
			);
			runOnlyForDeploymentPostprocessing = 0;
		};
/* End PBXResourcesBuildPhase section */

/* Begin PBXShellScriptBuildPhase section */
		72BCF99436B40535D4301200 /* [CP] Check Pods Manifest.lock */ = {
			isa = PBXShellScriptBuildPhase;
			buildActionMask = 2147483647;
			files = (
			);
			inputFileListPaths = (
			);
			inputPaths = (
				"${PODS_PODFILE_DIR_PATH}/Podfile.lock",
				"${PODS_ROOT}/Manifest.lock",
			);
			name = "[CP] Check Pods Manifest.lock";
			outputFileListPaths = (
			);
			outputPaths = (
				"$(DERIVED_FILE_DIR)/Pods-Technopark Project-checkManifestLockResult.txt",
			);
			runOnlyForDeploymentPostprocessing = 0;
			shellPath = /bin/sh;
			shellScript = "diff \"${PODS_PODFILE_DIR_PATH}/Podfile.lock\" \"${PODS_ROOT}/Manifest.lock\" > /dev/null\nif [ $? != 0 ] ; then\n    # print error to STDERR\n    echo \"error: The sandbox is not in sync with the Podfile.lock. Run 'pod install' or update your CocoaPods installation.\" >&2\n    exit 1\nfi\n# This output is used by Xcode 'outputs' to avoid re-running this script phase.\necho \"SUCCESS\" > \"${SCRIPT_OUTPUT_FILE_0}\"\n";
			showEnvVarsInLog = 0;
		};
		A83B8EB6FDCDF3E59F006A1D /* [CP] Embed Pods Frameworks */ = {
			isa = PBXShellScriptBuildPhase;
			buildActionMask = 2147483647;
			files = (
			);
			inputFileListPaths = (
				"${PODS_ROOT}/Target Support Files/Pods-Technopark Project/Pods-Technopark Project-frameworks-${CONFIGURATION}-input-files.xcfilelist",
			);
			name = "[CP] Embed Pods Frameworks";
			outputFileListPaths = (
				"${PODS_ROOT}/Target Support Files/Pods-Technopark Project/Pods-Technopark Project-frameworks-${CONFIGURATION}-output-files.xcfilelist",
			);
			runOnlyForDeploymentPostprocessing = 0;
			shellPath = /bin/sh;
			shellScript = "\"${PODS_ROOT}/Target Support Files/Pods-Technopark Project/Pods-Technopark Project-frameworks.sh\"\n";
			showEnvVarsInLog = 0;
		};
/* End PBXShellScriptBuildPhase section */

/* Begin PBXSourcesBuildPhase section */
		35B0AECA261DCFBB00CBBBE0 /* Sources */ = {
			isa = PBXSourcesBuildPhase;
			buildActionMask = 2147483647;
			files = (
				35406453265A0BAD00806581 /* LessonHeaderView.swift in Sources */,
				35B0AEDC261DCFBB00CBBBE0 /* Technopark_Project.xcdatamodeld in Sources */,
				3538E7C3264E35B400D8CB58 /* UIColorExtension.swift in Sources */,
				35CE68AA265A77B4007C37EB /* LessonCollectionViewCell.swift in Sources */,
				353890252657A6B3000A9CB1 /* MainCollectionViewCell.swift in Sources */,
				353890222656DA38000A9CB1 /* MainTableViewCell.swift in Sources */,
				3538901F26567F8C000A9CB1 /* Vocabulary.swift in Sources */,
				350FDFDA265880EE00F63784 /* SettingViewController.swift in Sources */,
				35CE68AE265A781E007C37EB /* Word.swift in Sources */,
				350FDFEC2659824300F63784 /* SettingTableViewCell.swift in Sources */,
				35B0AED6261DCFBB00CBBBE0 /* MainViewController.swift in Sources */,
				35B0AED2261DCFBB00CBBBE0 /* AppDelegate.swift in Sources */,
				350FDF662657E65C00F63784 /* MainHeaderView.swift in Sources */,
				35406456265A711400806581 /* LessonViewModel.swift in Sources */,
				350FDF622657D44500F63784 /* EducationalMaterial.swift in Sources */,
				350FDFEF2659829E00F63784 /* SettingViewModel.swift in Sources */,
				350FDF5F2657D34300F63784 /* Exercises.swift in Sources */,
				350FDFE82659758E00F63784 /* AnotherExtension.swift in Sources */,
				35B0AED4261DCFBB00CBBBE0 /* SceneDelegate.swift in Sources */,
				3540644A2659E45E00806581 /* LessonViewController.swift in Sources */,
				3538901C26567F14000A9CB1 /* Account.swift in Sources */,
			);
			runOnlyForDeploymentPostprocessing = 0;
		};
/* End PBXSourcesBuildPhase section */

/* Begin PBXVariantGroup section */
		35B0AEDF261DCFBE00CBBBE0 /* LaunchScreen.storyboard */ = {
			isa = PBXVariantGroup;
			children = (
				35B0AEE0261DCFBE00CBBBE0 /* Base */,
			);
			name = LaunchScreen.storyboard;
			sourceTree = "<group>";
		};
/* End PBXVariantGroup section */

/* Begin XCBuildConfiguration section */
		35B0AEE3261DCFBE00CBBBE0 /* Debug */ = {
			isa = XCBuildConfiguration;
			buildSettings = {
				ALWAYS_SEARCH_USER_PATHS = NO;
				CLANG_ANALYZER_NONNULL = YES;
				CLANG_ANALYZER_NUMBER_OBJECT_CONVERSION = YES_AGGRESSIVE;
				CLANG_CXX_LANGUAGE_STANDARD = "gnu++14";
				CLANG_CXX_LIBRARY = "libc++";
				CLANG_ENABLE_MODULES = YES;
				CLANG_ENABLE_OBJC_ARC = YES;
				CLANG_ENABLE_OBJC_WEAK = YES;
				CLANG_WARN_BLOCK_CAPTURE_AUTORELEASING = YES;
				CLANG_WARN_BOOL_CONVERSION = YES;
				CLANG_WARN_COMMA = YES;
				CLANG_WARN_CONSTANT_CONVERSION = YES;
				CLANG_WARN_DEPRECATED_OBJC_IMPLEMENTATIONS = YES;
				CLANG_WARN_DIRECT_OBJC_ISA_USAGE = YES_ERROR;
				CLANG_WARN_DOCUMENTATION_COMMENTS = YES;
				CLANG_WARN_EMPTY_BODY = YES;
				CLANG_WARN_ENUM_CONVERSION = YES;
				CLANG_WARN_INFINITE_RECURSION = YES;
				CLANG_WARN_INT_CONVERSION = YES;
				CLANG_WARN_NON_LITERAL_NULL_CONVERSION = YES;
				CLANG_WARN_OBJC_IMPLICIT_RETAIN_SELF = YES;
				CLANG_WARN_OBJC_LITERAL_CONVERSION = YES;
				CLANG_WARN_OBJC_ROOT_CLASS = YES_ERROR;
				CLANG_WARN_QUOTED_INCLUDE_IN_FRAMEWORK_HEADER = YES;
				CLANG_WARN_RANGE_LOOP_ANALYSIS = YES;
				CLANG_WARN_STRICT_PROTOTYPES = YES;
				CLANG_WARN_SUSPICIOUS_MOVE = YES;
				CLANG_WARN_UNGUARDED_AVAILABILITY = YES_AGGRESSIVE;
				CLANG_WARN_UNREACHABLE_CODE = YES;
				CLANG_WARN__DUPLICATE_METHOD_MATCH = YES;
				COPY_PHASE_STRIP = NO;
				DEBUG_INFORMATION_FORMAT = dwarf;
				ENABLE_STRICT_OBJC_MSGSEND = YES;
				ENABLE_TESTABILITY = YES;
				GCC_C_LANGUAGE_STANDARD = gnu11;
				GCC_DYNAMIC_NO_PIC = NO;
				GCC_NO_COMMON_BLOCKS = YES;
				GCC_OPTIMIZATION_LEVEL = 0;
				GCC_PREPROCESSOR_DEFINITIONS = (
					"DEBUG=1",
					"$(inherited)",
				);
				GCC_WARN_64_TO_32_BIT_CONVERSION = YES;
				GCC_WARN_ABOUT_RETURN_TYPE = YES_ERROR;
				GCC_WARN_UNDECLARED_SELECTOR = YES;
				GCC_WARN_UNINITIALIZED_AUTOS = YES_AGGRESSIVE;
				GCC_WARN_UNUSED_FUNCTION = YES;
				GCC_WARN_UNUSED_VARIABLE = YES;
				IPHONEOS_DEPLOYMENT_TARGET = 13.0;
				MTL_ENABLE_DEBUG_INFO = INCLUDE_SOURCE;
				MTL_FAST_MATH = YES;
				ONLY_ACTIVE_ARCH = YES;
				SDKROOT = iphoneos;
				SWIFT_ACTIVE_COMPILATION_CONDITIONS = DEBUG;
				SWIFT_OPTIMIZATION_LEVEL = "-Onone";
			};
			name = Debug;
		};
		35B0AEE4261DCFBE00CBBBE0 /* Release */ = {
			isa = XCBuildConfiguration;
			buildSettings = {
				ALWAYS_SEARCH_USER_PATHS = NO;
				CLANG_ANALYZER_NONNULL = YES;
				CLANG_ANALYZER_NUMBER_OBJECT_CONVERSION = YES_AGGRESSIVE;
				CLANG_CXX_LANGUAGE_STANDARD = "gnu++14";
				CLANG_CXX_LIBRARY = "libc++";
				CLANG_ENABLE_MODULES = YES;
				CLANG_ENABLE_OBJC_ARC = YES;
				CLANG_ENABLE_OBJC_WEAK = YES;
				CLANG_WARN_BLOCK_CAPTURE_AUTORELEASING = YES;
				CLANG_WARN_BOOL_CONVERSION = YES;
				CLANG_WARN_COMMA = YES;
				CLANG_WARN_CONSTANT_CONVERSION = YES;
				CLANG_WARN_DEPRECATED_OBJC_IMPLEMENTATIONS = YES;
				CLANG_WARN_DIRECT_OBJC_ISA_USAGE = YES_ERROR;
				CLANG_WARN_DOCUMENTATION_COMMENTS = YES;
				CLANG_WARN_EMPTY_BODY = YES;
				CLANG_WARN_ENUM_CONVERSION = YES;
				CLANG_WARN_INFINITE_RECURSION = YES;
				CLANG_WARN_INT_CONVERSION = YES;
				CLANG_WARN_NON_LITERAL_NULL_CONVERSION = YES;
				CLANG_WARN_OBJC_IMPLICIT_RETAIN_SELF = YES;
				CLANG_WARN_OBJC_LITERAL_CONVERSION = YES;
				CLANG_WARN_OBJC_ROOT_CLASS = YES_ERROR;
				CLANG_WARN_QUOTED_INCLUDE_IN_FRAMEWORK_HEADER = YES;
				CLANG_WARN_RANGE_LOOP_ANALYSIS = YES;
				CLANG_WARN_STRICT_PROTOTYPES = YES;
				CLANG_WARN_SUSPICIOUS_MOVE = YES;
				CLANG_WARN_UNGUARDED_AVAILABILITY = YES_AGGRESSIVE;
				CLANG_WARN_UNREACHABLE_CODE = YES;
				CLANG_WARN__DUPLICATE_METHOD_MATCH = YES;
				COPY_PHASE_STRIP = NO;
				DEBUG_INFORMATION_FORMAT = "dwarf-with-dsym";
				ENABLE_NS_ASSERTIONS = NO;
				ENABLE_STRICT_OBJC_MSGSEND = YES;
				GCC_C_LANGUAGE_STANDARD = gnu11;
				GCC_NO_COMMON_BLOCKS = YES;
				GCC_WARN_64_TO_32_BIT_CONVERSION = YES;
				GCC_WARN_ABOUT_RETURN_TYPE = YES_ERROR;
				GCC_WARN_UNDECLARED_SELECTOR = YES;
				GCC_WARN_UNINITIALIZED_AUTOS = YES_AGGRESSIVE;
				GCC_WARN_UNUSED_FUNCTION = YES;
				GCC_WARN_UNUSED_VARIABLE = YES;
				IPHONEOS_DEPLOYMENT_TARGET = 13.0;
				MTL_ENABLE_DEBUG_INFO = NO;
				MTL_FAST_MATH = YES;
				SDKROOT = iphoneos;
				SWIFT_COMPILATION_MODE = wholemodule;
				SWIFT_OPTIMIZATION_LEVEL = "-O";
				VALIDATE_PRODUCT = YES;
			};
			name = Release;
		};
		35B0AEE6261DCFBE00CBBBE0 /* Debug */ = {
			isa = XCBuildConfiguration;
			baseConfigurationReference = 3877BF5374ABDBD396E569BA /* Pods-Technopark Project.debug.xcconfig */;
			buildSettings = {
				ASSETCATALOG_COMPILER_APPICON_NAME = AppIcon;
				ASSETCATALOG_COMPILER_GLOBAL_ACCENT_COLOR_NAME = AccentColor;
				CODE_SIGN_STYLE = Automatic;
				DEVELOPMENT_TEAM = QZA5Q28CH8;
				INFOPLIST_FILE = "Technopark Project/Info.plist";
				LD_RUNPATH_SEARCH_PATHS = (
					"$(inherited)",
					"@executable_path/Frameworks",
				);
				PRODUCT_BUNDLE_IDENTIFIER = "English-Words-Spring-2021.Technopark-Project";
				PRODUCT_NAME = "$(TARGET_NAME)";
				SWIFT_VERSION = 5.0;
				TARGETED_DEVICE_FAMILY = 1;
			};
			name = Debug;
		};
		35B0AEE7261DCFBE00CBBBE0 /* Release */ = {
			isa = XCBuildConfiguration;
			baseConfigurationReference = 6CDCBFD39F09A6C952994170 /* Pods-Technopark Project.release.xcconfig */;
			buildSettings = {
				ASSETCATALOG_COMPILER_APPICON_NAME = AppIcon;
				ASSETCATALOG_COMPILER_GLOBAL_ACCENT_COLOR_NAME = AccentColor;
				CODE_SIGN_STYLE = Automatic;
				DEVELOPMENT_TEAM = QZA5Q28CH8;
				INFOPLIST_FILE = "Technopark Project/Info.plist";
				LD_RUNPATH_SEARCH_PATHS = (
					"$(inherited)",
					"@executable_path/Frameworks",
				);
				PRODUCT_BUNDLE_IDENTIFIER = "English-Words-Spring-2021.Technopark-Project";
				PRODUCT_NAME = "$(TARGET_NAME)";
				SWIFT_VERSION = 5.0;
				TARGETED_DEVICE_FAMILY = 1;
			};
			name = Release;
		};
/* End XCBuildConfiguration section */

/* Begin XCConfigurationList section */
		35B0AEC9261DCFBB00CBBBE0 /* Build configuration list for PBXProject "Technopark Project" */ = {
			isa = XCConfigurationList;
			buildConfigurations = (
				35B0AEE3261DCFBE00CBBBE0 /* Debug */,
				35B0AEE4261DCFBE00CBBBE0 /* Release */,
			);
			defaultConfigurationIsVisible = 0;
			defaultConfigurationName = Release;
		};
		35B0AEE5261DCFBE00CBBBE0 /* Build configuration list for PBXNativeTarget "Technopark Project" */ = {
			isa = XCConfigurationList;
			buildConfigurations = (
				35B0AEE6261DCFBE00CBBBE0 /* Debug */,
				35B0AEE7261DCFBE00CBBBE0 /* Release */,
			);
			defaultConfigurationIsVisible = 0;
			defaultConfigurationName = Release;
		};
/* End XCConfigurationList section */

/* Begin XCVersionGroup section */
		35B0AEDA261DCFBB00CBBBE0 /* Technopark_Project.xcdatamodeld */ = {
			isa = XCVersionGroup;
			children = (
				35B0AEDB261DCFBB00CBBBE0 /* Technopark_Project.xcdatamodel */,
			);
			currentVersion = 35B0AEDB261DCFBB00CBBBE0 /* Technopark_Project.xcdatamodel */;
			path = Technopark_Project.xcdatamodeld;
			sourceTree = "<group>";
			versionGroupType = wrapper.xcdatamodel;
		};
/* End XCVersionGroup section */
	};
	rootObject = 35B0AEC6261DCFBB00CBBBE0 /* Project object */;
}
